
Microsoft Visual Studio Solution File, Format Version 12.00
# Visual Studio 15
VisualStudioVersion = 15.0.28307.438
MinimumVisualStudioVersion = 10.0.40219.1
Project("{8BC9CEB8-8B4A-11D0-8D11-00A0C91BC942}") = "main", "main\main.vcxproj", "{8EAED430-62D3-4D44-B063-BD3213F6052B}"
EndProject
Global
	GlobalSection(SolutionConfigurationPlatforms) = preSolution
		Debug|x64 = Debug|x64
		Debug|x86 = Debug|x86
		Release|x64 = Release|x64
		Release|x86 = Release|x86
	EndGlobalSection
	GlobalSection(ProjectConfigurationPlatforms) = postSolution
		{8EAED430-62D3-4D44-B063-BD3213F6052B}.Debug|x64.ActiveCfg = Debug|x64
		{8EAED430-62D3-4D44-B063-BD3213F6052B}.Debug|x64.Build.0 = Debug|x64
		{8EAED430-62D3-4D44-B063-BD3213F6052B}.Debug|x86.ActiveCfg = Debug|Win32
		{8EAED430-62D3-4D44-B063-BD3213F6052B}.Debug|x86.Build.0 = Debug|Win32
		{8EAED430-62D3-4D44-B063-BD3213F6052B}.Release|x64.ActiveCfg = Release|x64
		{8EAED430-62D3-4D44-B063-BD3213F6052B}.Release|x64.Build.0 = Release|x64
		{8EAED430-62D3-4D44-B063-BD3213F6052B}.Release|x86.ActiveCfg = Release|Win32
		{8EAED430-62D3-4D44-B063-BD3213F6052B}.Release|x86.Build.0 = Release|Win32
	EndGlobalSection
	GlobalSection(SolutionProperties) = preSolution
		HideSolutionNode = FALSE
	EndGlobalSection
	GlobalSection(ExtensibilityGlobals) = postSolution
		SolutionGuid = {19D919CF-30E1-4162-BB08-7E68820D02A7}
	EndGlobalSection
EndGlobal
